version = 1
revision = 3
requires-python = ">=3.14"

[[package]]
name = "dotenv"
version = "0.9.9"
source = { registry = "https://pypi.org/simple" }
dependencies = [
    { name = "python-dotenv" },
]
wheels = [
    { url = "https://files.pythonhosted.org/packages/b2/b7/545d2c10c1fc15e48653c91efde329a790f2eecfbbf2bd16003b5db2bab0/dotenv-0.9.9-py2.py3-none-any.whl", hash = "sha256:29cf74a087b31dafdb5a446b6d7e11cbce8ed2741540e2339c69fbef92c94ce9", size = 1892, upload-time = "2025-02-19T22:15:01.647Z" },
]

[[package]]
name = "msgspec"
version = "0.21.0"
source = { registry = "https://pypi.org/simple" }
sdist = { url = "https://files.pythonhosted.org/packages/c2/ae/d8fab0915716e70910012c0410d16b5eedf542493d19aa80c155215208bf/msgspec-0.21.0.tar.gz", hash = "sha256:9a37c1fb022f895bb24dfac597e449e19eb0cbe62447a832601cb19bb480b51d", size = 318712, upload-time = "2026-04-08T19:57:50.919Z" }
wheels = [
    { url = "https://files.pythonhosted.org/packages/f6/bc/2a705dcf966c604240c271c03480e8f36090c0b7c5dd4701d77d493a07f9/msgspec-0.21.0-cp314-cp314-macosx_10_15_x86_64.whl", hash = "sha256:21b4b4bbd6d6fe49628a9ad115b50b1546e706dec7aaf747afd32b9a75a6e0aa", size = 196007, upload-time = "2026-04-08T19:57:28.286Z" },
    { url = "https://files.pythonhosted.org/packages/35/12/8950cb18dd53c0c83fdd942e0196fe0b3f4cc38d7dbe199c01ee57d81c3e/msgspec-0.21.0-cp314-cp314-macosx_11_0_arm64.whl", hash = "sha256:5e139825a8ca0c33496fd0f050d2ba89c93f0548e4ab877a0329ac45317451fb", size = 188544, upload-time = "2026-04-08T19:57:30.165Z" },
    { url = "https://files.pythonhosted.org/packages/41/14/862ed7c69ee77e1c9774988e6d57f6b0f782c95e91ec313d93785c61168d/msgspec-0.21.0-cp314-cp314-manylinux2014_aarch64.manylinux_2_17_aarch64.manylinux_2_28_aarch64.whl", hash = "sha256:4a9126c287092a7225115f3372f91b2d38a36148a05cb8da3e827eaf61329ddc", size = 219612, upload-time = "2026-04-08T19:57:31.502Z" },
    { url = "https://files.pythonhosted.org/packages/00/d1/a516be3fb9c61dfea98fd262ce1aceaae2f7e665e750a1a8eaf96d5af5aa/msgspec-0.21.0-cp314-cp314-manylinux2014_x86_64.manylinux_2_17_x86_64.manylinux_2_28_x86_64.whl", hash = "sha256:3b32866fc3faebe7e09b2fa151fb9858c36e9f133b4ee8132c0f6beea5f2b6c0", size = 224722, upload-time = "2026-04-08T19:57:32.874Z" },
    { url = "https://files.pythonhosted.org/packages/3c/b8/b67dce3cac2604d199c3d3aac1df780b92856861482cbc8ca5f53dcde691/msgspec-0.21.0-cp314-cp314-musllinux_1_2_aarch64.whl", hash = "sha256:98f5c4350979da05340782b267b9bea22bfddca10276f45fa374e0765c058303", size = 223319, upload-time = "2026-04-08T19:57:34.029Z" },
    { url = "https://files.pythonhosted.org/packages/78/7d/9a9bea17363025390bd0288f72298cf5323f9d39ddf3fcc1ebc6a4b7ef64/msgspec-0.21.0-cp314-cp314-musllinux_1_2_x86_64.whl", hash = "sha256:ec4542f7a2c354c8929aa2e2986b184ff84071d19a55d5e6a3b43c3b3a38b128", size = 226969, upload-time = "2026-04-08T19:57:35.304Z" },
    { url = "https://files.pythonhosted.org/packages/f3/66/3d57029a4329c67ac8dd00374279b823873b46c4fa797b8e6096e3a749b7/msgspec-0.21.0-cp314-cp314-win_amd64.whl", hash = "sha256:1ddc2de6af2adcd07b6d6f6745949eb58963e0f658a987313814954bb5489b26", size = 193594, upload-time = "2026-04-08T19:57:37.014Z" },
    { url = "https://files.pythonhosted.org/packages/f1/e5/746a018d8da7f0d1b26cb6cc8662420fad578917bf4d73482c9cb0c25eca/msgspec-0.21.0-cp314-cp314-win_arm64.whl", hash = "sha256:0e032189438ee162fc66a528e0e26d578c8e5c30b0a8e1f1a78aa96cc27a36d1", size = 178893, upload-time = "2026-04-08T19:57:38.394Z" },
    { url = "https://files.pythonhosted.org/packages/91/eb/2c999c30b205da592ccaf650e5be56e22aefb65008b25e654eb428299f72/msgspec-0.21.0-cp314-cp314t-macosx_10_15_x86_64.whl", hash = "sha256:549dc09f6796da9f0ac3c34c2bb9c10db85de723eb075dcf837f83968ecedc97", size = 199939, upload-time = "2026-04-08T19:57:39.776Z" },
    { url = "https://files.pythonhosted.org/packages/88/31/8b94b749a69514357c54d7a5027b5280898ed28c39b3ede78427c3aa7bed/msgspec-0.21.0-cp314-cp314t-macosx_11_0_arm64.whl", hash = "sha256:e14c3a27a97ca9bb03eb9d5612609b141068d98eeb210c08e5fbf2556d601e99", size = 192586, upload-time = "2026-04-08T19:57:41.101Z" },
    { url = "https://files.pythonhosted.org/packages/1c/8a/ab4d49c9ccbc4e12072d76323bb9ddf670b6c7634a508b8b3bbd31434954/msgspec-0.21.0-cp314-cp314t-manylinux2014_aarch64.manylinux_2_17_aarch64.manylinux_2_28_aarch64.whl", hash = "sha256:6d00088bd8bf00c3ed3e2f3fef78cad2ce871c5599df0624928c6762fc7671f6", size = 226075, upload-time = "2026-04-08T19:57:42.415Z" },
    { url = "https://files.pythonhosted.org/packages/57/34/2a2642df1cf93ba7a73912aedadd7fe8372f558ce41d3e9db5c3634352ec/msgspec-0.21.0-cp314-cp314t-manylinux2014_x86_64.manylinux_2_17_x86_64.manylinux_2_28_x86_64.whl", hash = "sha256:c3d7545089ae92d0d6f2dd5dd96814446c58eff360af050f734fafed7f72c8f5", size = 229528, upload-time = "2026-04-08T19:57:43.721Z" },
    { url = "https://files.pythonhosted.org/packages/12/1f/a1faffbbb81e01c2d388aa8589b8d0efa54a1813c9234858978e1bc5fdb5/msgspec-0.21.0-cp314-cp314t-musllinux_1_2_aarch64.whl", hash = "sha256:bceae6627c37eaac2379cabf9fa612ffe5fa64f23c90912019820423b0df7009", size = 230258, upload-time = "2026-04-08T19:57:45.064Z" },
    { url = "https://files.pythonhosted.org/packages/aa/f5/63bc93a66228853f0aa6c02d0dcec276be383ba0ab61b71a5915432affd0/msgspec-0.21.0-cp314-cp314t-musllinux_1_2_x86_64.whl", hash = "sha256:5298b4a4ac55ed78234b8c206e6ab5aa5c5bf2573664c76205e89c54282df1e6", size = 231624, upload-time = "2026-04-08T19:57:46.687Z" },
    { url = "https://files.pythonhosted.org/packages/c1/32/a6415442eb243ee93e63adf85756630c64c4377e207f5f907de4e1d5b283/msgspec-0.21.0-cp314-cp314t-win_amd64.whl", hash = "sha256:640e15c6ef5003575f0c16c96bbd25f92b42c5f02e27d4d0c08de9551c288cbb", size = 206397, upload-time = "2026-04-08T19:57:47.967Z" },
    { url = "https://files.pythonhosted.org/packages/bd/a4/7e7e36cf57a4870b5b223d2ea19c4b78c32e6e6dcd2612588ddf69a97c17/msgspec-0.21.0-cp314-cp314t-win_arm64.whl", hash = "sha256:91af695ec681bf6a114d7422b76c5b8b51ce698e89152a0fafaca6fad50478b0", size = 182950, upload-time = "2026-04-08T19:57:49.286Z" },
]

[[package]]
name = "nak-commons"
version = "0.1.0"
source = { virtual = "." }
dependencies = [
    { name = "dotenv" },
    { name = "msgspec" },
    { name = "rapidfuzz" },
]

[package.metadata]
requires-dist = [
    { name = "dotenv", specifier = ">=0.9.9" },
    { name = "msgspec", specifier = ">=0.20.0" },
    { name = "rapidfuzz", specifier = ">=3.13.0" },
]

[[package]]
name = "python-dotenv"
version = "1.2.2"
source = { registry = "https://pypi.org/simple" }
sdist = { url = "https://files.pythonhosted.org/packages/82/ed/0301aeeac3e5353ef3d94b6ec08bbcabd04a72018415dcb29e588514bba8/python_dotenv-1.2.2.tar.gz", hash = "sha256:2c371a91fbd7ba082c2c1dc1f8bf89ca22564a087c2c287cd9b662adde799cf3", size = 50135, upload-time = "2026-03-01T16:00:26.196Z" }
wheels = [
    { url = "https://files.pythonhosted.org/packages/0b/d7/1959b9648791274998a9c3526f6d0ec8fd2233e4d4acce81bbae76b44b2a/python_dotenv-1.2.2-py3-none-any.whl", hash = "sha256:1d8214789a24de455a8b8bd8ae6fe3c6b69a5e3d64aa8a8e5d68e694bbcb285a", size = 22101, upload-time = "2026-03-01T16:00:25.09Z" },
]

[[package]]
name = "rapidfuzz"
version = "3.14.5"
source = { registry = "https://pypi.org/simple" }
sdist = { url = "https://files.pythonhosted.org/packages/2c/21/ef6157213316e85790041254259907eb722e00b03480256c0545d98acd33/rapidfuzz-3.14.5.tar.gz", hash = "sha256:ba10ac57884ce82112f7ed910b67e7fb6072d8ef2c06e30dc63c0f604a112e0e", size = 57901753, upload-time = "2026-04-07T11:16:31.931Z" }
wheels = [
    { url = "https://files.pythonhosted.org/packages/81/41/aa3ffb3355e62e1bf91f6599b3092e866bc88487a07c524004943c7676df/rapidfuzz-3.14.5-cp314-cp314-macosx_10_15_x86_64.whl", hash = "sha256:1a31cc6d7d03e7318a0974c038959c59e19c752b81115f2e9138b3331cd64d45", size = 1943327, upload-time = "2026-04-07T11:15:26.266Z" },
    { url = "https://files.pythonhosted.org/packages/2d/e1/c2141f1840a41e07ad2db6f724945f8f8ff3065463899a22939152dd6e09/rapidfuzz-3.14.5-cp314-cp314-macosx_11_0_arm64.whl", hash = "sha256:0298d357e2bc59d572da4db0bc631009b6f8f6c9bc8c11e99a12b833f16b6575", size = 1161755, upload-time = "2026-04-07T11:15:28.659Z" },
    { url = "https://files.pythonhosted.org/packages/ca/07/66e753eeaa353161d1d331b7dd517bb349b0bacfebe8496d7b26be26f81f/rapidfuzz-3.14.5-cp314-cp314-manylinux_2_26_aarch64.manylinux_2_28_aarch64.whl", hash = "sha256:59b3dba758661a318995655435c6ab20a04ade79fa51e75bc8dc107cac8df280", size = 1376571, upload-time = "2026-04-07T11:15:31.225Z" },
    { url = "https://files.pythonhosted.org/packages/c8/85/9535df0b78ba51f478c9ce7eb6d1f85535cc31fe356773b48fd9d3e563ca/rapidfuzz-3.14.5-cp314-cp314-manylinux_2_27_x86_64.manylinux_2_28_x86_64.whl", hash = "sha256:4900143d82071bdda533b00300c40b14b963ff826b3642cc463b6dd0f036585e", size = 3156468, upload-time = "2026-04-07T11:15:33.428Z" },
    { url = "https://files.pythonhosted.org/packages/81/ee/b667eb93bba6dc4e0de658edd778e1619dc4d6aab68fa5e5c7f075152735/rapidfuzz-3.14.5-cp314-cp314-manylinux_2_39_riscv64.whl", hash = "sha256:feedf219672eef83ea6be6f3bb093bba396a8560fc75be85ba225f082903df0a", size = 1458311, upload-time = "2026-04-07T11:15:35.557Z" },
    { url = "https://files.pythonhosted.org/packages/7d/ce/479074f5624364a48df3403c538797ef22d3ac49c19dc76c3f79fcdcc70c/rapidfuzz-3.14.5-cp314-cp314-musllinux_1_2_aarch64.whl", hash = "sha256:419e4397a36e2665ec992d8d64c20ba4b2a42500c76ecadeca78a4f19cb9cc32", size = 2398228, upload-time = "2026-04-07T11:15:37.669Z" },
    { url = "https://files.pythonhosted.org/packages/0b/15/a8982f649150fffbdcd6f17565974501f6ab33b2795267bffbd4a7ba905b/rapidfuzz-3.14.5-cp314-cp314-musllinux_1_2_riscv64.whl", hash = "sha256:97131ab2be39043054ee28d99e09efe316e6d53449b7e962dfcf3c2de8b2b246", size = 2497226, upload-time = "2026-04-07T11:15:39.857Z" },
    { url = "https://files.pythonhosted.org/packages/19/52/5267c03ef6759831b7d4625a0c9c06e87baa2fae084b61ac9c388858317b/rapidfuzz-3.14.5-cp314-cp314-musllinux_1_2_x86_64.whl", hash = "sha256:593c00dac4e30231c35bf3b4f1da8ec0998762e9e94425586a5d636fcd57f9d0", size = 4262283, upload-time = "2026-04-07T11:15:42.279Z" },
    { url = "https://files.pythonhosted.org/packages/71/c0/2579f343a97f5254c43bb5853baccc01488357dcb64a27bcb869b7888a4a/rapidfuzz-3.14.5-cp314-cp314-win32.whl", hash = "sha256:0084b687b02b4e569b46d8d6d4ad25659528e6081cd6d067ca453a69035f07e4", size = 1744614, upload-time = "2026-04-07T11:15:44.498Z" },
    { url = "https://files.pythonhosted.org/packages/17/eb/8edfed1e80119dc9c35b11df4bc701eea85622ad681fff0263b6961d3224/rapidfuzz-3.14.5-cp314-cp314-win_amd64.whl", hash = "sha256:5dfa89d78f22cd773054caff44827b846161a29f2dcf7e78b8f90d086621e502", size = 1588971, upload-time = "2026-04-07T11:15:46.86Z" },
    { url = "https://files.pythonhosted.org/packages/f6/04/5676df93c85cfa57a3045d8047318df9f3cd58c7b8a99340dd95f874795e/rapidfuzz-3.14.5-cp314-cp314-win_arm64.whl", hash = "sha256:67f3f9d2b444268ab53e47d31bab89954888d23c04c6789f2c727e51fe4b1d13", size = 834985, upload-time = "2026-04-07T11:15:49.411Z" },
    { url = "https://files.pythonhosted.org/packages/f7/0d/4a8988cea658fe335048ddef8c876addff1b6daa3c9ca8ad65a5a2196e69/rapidfuzz-3.14.5-cp314-cp314t-macosx_10_15_x86_64.whl", hash = "sha256:77eac0526899b3c3ad1454bb2b03cdb491d67358ec8ef0c9c48bd61b632b431d", size = 1972517, upload-time = "2026-04-07T11:15:51.819Z" },
    { url = "https://files.pythonhosted.org/packages/1c/a3/f5cfd9965a9d9a9e32249159797c47b5d6299ea6d1629f9126b25f1c10a3/rapidfuzz-3.14.5-cp314-cp314t-macosx_11_0_arm64.whl", hash = "sha256:b9c6bd754d11f6e78ac54e3d86b4b11dc1ba2f13e5fc958899574532897f5a99", size = 1196056, upload-time = "2026-04-07T11:15:54.292Z" },
    { url = "https://files.pythonhosted.org/packages/64/07/561c2e40cfd10e6630a7b0ac5a2a813aef50d944bcd1f3d260319d659d5b/rapidfuzz-3.14.5-cp314-cp314t-manylinux_2_26_aarch64.manylinux_2_28_aarch64.whl", hash = "sha256:738c96944d076deeaff70e92b65696ab4f7ecb8081d7791c5403a3257dfaf8ff", size = 1374732, upload-time = "2026-04-07T11:15:56.584Z" },
    { url = "https://files.pythonhosted.org/packages/c2/39/123bb94fee40e2fb3b7c49b80827c7ef42d838e18def3fc2fef5a3cf817a/rapidfuzz-3.14.5-cp314-cp314t-manylinux_2_27_x86_64.manylinux_2_28_x86_64.whl", hash = "sha256:f4c1bca487a17fe4226b4ffb2d30e799d2b274d692cffa76bd0746f56235fca3", size = 3166902, upload-time = "2026-04-07T11:15:58.768Z" },
    { url = "https://files.pythonhosted.org/packages/75/0a/45716fafc9fd2e028cf20b5ac5bc704887081cd312f84edb0e325599414b/rapidfuzz-3.14.5-cp314-cp314t-manylinux_2_39_riscv64.whl", hash = "sha256:af6a90a4ed2a48fa1a2d17e9d824e6c7c950bea5bad0b707c77fd55751e6bfef", size = 1452130, upload-time = "2026-04-07T11:16:01.453Z" },
    { url = "https://files.pythonhosted.org/packages/ca/49/4e96c413114398481c0a5b0086af32c364a18613c9a2ea578d17c4bea4ee/rapidfuzz-3.14.5-cp314-cp314t-musllinux_1_2_aarch64.whl", hash = "sha256:bf5018938208d4597b2e679a4f8cff9fd252f1df53583130ae56281a21801b64", size = 2396308, upload-time = "2026-04-07T11:16:03.588Z" },
    { url = "https://files.pythonhosted.org/packages/89/b7/49fea9fc6878d59bd259d01dd1972d9b86117992b1c66d9b16f0a65273c3/rapidfuzz-3.14.5-cp314-cp314t-musllinux_1_2_riscv64.whl", hash = "sha256:c0919d1f89ddf91129906705723118ea09754171e4116f5a5dbc667c7bc9b261", size = 2488210, upload-time = "2026-04-07T11:16:05.871Z" },
    { url = "https://files.pythonhosted.org/packages/0c/44/a1f732b93ffacbdad077b7c801149549b2938e1bece6addb5ad85ed74df8/rapidfuzz-3.14.5-cp314-cp314t-musllinux_1_2_x86_64.whl", hash = "sha256:93d8da883a35116d6813432177f35e570db5b0a5e30ecb0cbd7cb39c815735df", size = 4270621, upload-time = "2026-04-07T11:16:08.483Z" },
    { url = "https://files.pythonhosted.org/packages/bb/ce/ff942d19fce5385054650bb71a58495ddda299d94661ccc4e6e7fa44868b/rapidfuzz-3.14.5-cp314-cp314t-win32.whl", hash = "sha256:0f23e37019ec07712d58976b1ab2b889f8649a7f7c2f626a2f34ea9139e79279", size = 1803950, upload-time = "2026-04-07T11:16:10.873Z" },
    { url = "https://files.pythonhosted.org/packages/5c/0f/9aafc63f9661222b819b391c187eed29fc90ad5935f9690e5ecc2d2047a4/rapidfuzz-3.14.5-cp314-cp314t-win_amd64.whl", hash = "sha256:7d5ca9c7832e6879a707296d1463685f7c243a27846227044504741640caec66", size = 1632357, upload-time = "2026-04-07T11:16:13.1Z" },
    { url = "https://files.pythonhosted.org/packages/70/a6/51fc1b0e61e3326e1c68a61cfd0c6b3c34c843681c4b1eefbf0596f59162/rapidfuzz-3.14.5-cp314-cp314t-win_arm64.whl", hash = "sha256:3e91dcd2549b8f8d843f98ba03a17e01f3d8b72ce942adbbb6761bc58ffce813", size = 855409, upload-time = "2026-04-07T11:16:15.787Z" },
]
